
Microsoft Visual Studio Solution File, Format Version 12.00
# Visual Studio Version 17
VisualStudioVersion = 17.8.34511.84
MinimumVisualStudioVersion = 10.0.40219.1
Project("{FAE04EC0-301F-11D3-BF4B-00C04F79EFBC}") = "Project_UDW", "Project_UDW\Project_UDW.csproj", "{17E39941-B76D-4944-81E6-186C292292F7}"
EndProject
Global
	GlobalSection(SolutionConfigurationPlatforms) = preSolution
		Debug|Any CPU = Debug|Any CPU
		Release|Any CPU = Release|Any CPU
	EndGlobalSection
	GlobalSection(ProjectConfigurationPlatforms) = postSolution
		{17E39941-B76D-4944-81E6-186C292292F7}.Debug|Any CPU.ActiveCfg = Debug|Any CPU
		{17E39941-B76D-4944-81E6-186C292292F7}.Debug|Any CPU.Build.0 = Debug|Any CPU
		{17E39941-B76D-4944-81E6-186C292292F7}.Release|Any CPU.ActiveCfg = Release|Any CPU
		{17E39941-B76D-4944-81E6-186C292292F7}.Release|Any CPU.Build.0 = Release|Any CPU
	EndGlobalSection
	GlobalSection(SolutionProperties) = preSolution
		HideSolutionNode = FALSE
	EndGlobalSection
	GlobalSection(ExtensibilityGlobals) = postSolution
		SolutionGuid = {63B5861F-0620-4805-8F59-2494135B5863}
	EndGlobalSection
EndGlobal
